// !$*UTF8*$!
{
	archiveVersion = 1;
	classes = {
	};
	objectVersion = 77;
	objects = {

/* Begin PBXBuildFile section */
		5F781F1D2EF572000072121C /* SwiftMail in Frameworks */ = {isa = PBXBuildFile; productRef = 5F781DEF2EF56C8D0072121C /* SwiftMail */; };
		5F781F992EF5B22C0072121C /* ConfettiSwiftUI in Frameworks */ = {isa = PBXBuildFile; productRef = 5F781F9A2EF5B22C0072121C /* ConfettiSwiftUI */; };
		5F7823E72EF5D1680072121C /* Shimmer in Frameworks */ = {isa = PBXBuildFile; productRef = 5F7823E62EF5D1680072121C /* Shimmer */; };
/* End PBXBuildFile section */

/* Begin PBXContainerItemProxy section */
		5F781DBE2EF5663F0072121C /* PBXContainerItemProxy */ = {
			isa = PBXContainerItemProxy;
			containerPortal = 5F781DA62EF5663D0072121C /* Project object */;
			proxyType = 1;
			remoteGlobalIDString = 5F781DAD2EF5663D0072121C;
			remoteInfo = Enso;
		};
		5F781DC82EF5663F0072121C /* PBXContainerItemProxy */ = {
			isa = PBXContainerItemProxy;
			containerPortal = 5F781DA62EF5663D0072121C /* Project object */;
			proxyType = 1;
			remoteGlobalIDString = 5F781DAD2EF5663D0072121C;
			remoteInfo = Enso;
		};
/* End PBXContainerItemProxy section */

/* Begin PBXFileReference section */
		5F781DAE2EF5663D0072121C /* Enso.app */ = {isa = PBXFileReference; explicitFileType = wrapper.application; includeInIndex = 0; path = Enso.app; sourceTree = BUILT_PRODUCTS_DIR; };
		5F781DBD2EF5663F0072121C /* EnsoTests.xctest */ = {isa = PBXFileReference; explicitFileType = wrapper.cfbundle; includeInIndex = 0; path = EnsoTests.xctest; sourceTree = BUILT_PRODUCTS_DIR; };
		5F781DC72EF5663F0072121C /* EnsoUITests.xctest */ = {isa = PBXFileReference; explicitFileType = wrapper.cfbundle; includeInIndex = 0; path = EnsoUITests.xctest; sourceTree = BUILT_PRODUCTS_DIR; };
/* End PBXFileReference section */

/* Begin PBXFileSystemSynchronizedRootGroup section */
		5F781DB02EF5663D0072121C /* Enso */ = {
			isa = PBXFileSystemSynchronizedRootGroup;
			path = Enso;
			sourceTree = "<group>";
		};
		5F781DC02EF5663F0072121C /* EnsoTests */ = {
			isa = PBXFileSystemSynchronizedRootGroup;
			path = EnsoTests;
			sourceTree = "<group>";
		};
		5F781DCA2EF5663F0072121C /* EnsoUITests */ = {
			isa = PBXFileSystemSynchronizedRootGroup;
			path = EnsoUITests;
			sourceTree = "<group>";
		};
/* End PBXFileSystemSynchronizedRootGroup section */

/* Begin PBXFrameworksBuildPhase section */
		5F781DAB2EF5663D0072121C /* Frameworks */ = {
			isa = PBXFrameworksBuildPhase;
			buildActionMask = 2147483647;
			files = (
				5F7823E72EF5D1680072121C /* Shimmer in Frameworks */,
				5F781F1D2EF572000072121C /* SwiftMail in Frameworks */,
				5F781F992EF5B22C0072121C /* ConfettiSwiftUI in Frameworks */,
			);
			runOnlyForDeploymentPostprocessing = 0;
		};
		5F781DBA2EF5663F0072121C /* Frameworks */ = {
			isa = PBXFrameworksBuildPhase;
			buildActionMask = 2147483647;
			files = (
			);
			runOnlyForDeploymentPostprocessing = 0;
		};
		5F781DC42EF5663F0072121C /* Frameworks */ = {
			isa = PBXFrameworksBuildPhase;
			buildActionMask = 2147483647;
			files = (
			);
			runOnlyForDeploymentPostprocessing = 0;
		};
/* End PBXFrameworksBuildPhase section */

/* Begin PBXGroup section */
		5F781DA52EF5663D0072121C = {
			isa = PBXGroup;
			children = (
				5F781DB02EF5663D0072121C /* Enso */,
				5F781DC02EF5663F0072121C /* EnsoTests */,
				5F781DCA2EF5663F0072121C /* EnsoUITests */,
				5F781DAF2EF5663D0072121C /* Products */,
			);
			sourceTree = "<group>";
		};
		5F781DAF2EF5663D0072121C /* Products */ = {
			isa = PBXGroup;
			children = (
				5F781DAE2EF5663D0072121C /* Enso.app */,
				5F781DBD2EF5663F0072121C /* EnsoTests.xctest */,
				5F781DC72EF5663F0072121C /* EnsoUITests.xctest */,
			);
			name = Products;
			sourceTree = "<group>";
		};
/* End PBXGroup section */

/* Begin PBXNativeTarget section */
		5F781DAD2EF5663D0072121C /* Enso */ = {
			isa = PBXNativeTarget;
			buildConfigurationList = 5F781DD12EF5663F0072121C /* Build configuration list for PBXNativeTarget "Enso" */;
			buildPhases = (
				5F781DAA2EF5663D0072121C /* Sources */,
				5F781DAB2EF5663D0072121C /* Frameworks */,
				5F781DAC2EF5663D0072121C /* Resources */,
			);
			buildRules = (
			);
			dependencies = (
			);
			fileSystemSynchronizedGroups = (
				5F781DB02EF5663D0072121C /* Enso */,
			);
			name = Enso;
			packageProductDependencies = (
				5F781DEF2EF56C8D0072121C /* SwiftMail */,
				5F781F9A2EF5B22C0072121C /* ConfettiSwiftUI */,
				5F7823E62EF5D1680072121C /* Shimmer */,
			);
			productName = Enso;
			productReference = 5F781DAE2EF5663D0072121C /* Enso.app */;
			productType = "com.apple.product-type.application";
		};
		5F781DBC2EF5663F0072121C /* EnsoTests */ = {
			isa = PBXNativeTarget;
			buildConfigurationList = 5F781DD42EF5663F0072121C /* Build configuration list for PBXNativeTarget "EnsoTests" */;
			buildPhases = (
				5F781DB92EF5663F0072121C /* Sources */,
				5F781DBA2EF5663F0072121C /* Frameworks */,
				5F781DBB2EF5663F0072121C /* Resources */,
			);
			buildRules = (
			);
			dependencies = (
				5F781DBF2EF5663F0072121C /* PBXTargetDependency */,
			);
			fileSystemSynchronizedGroups = (
				5F781DC02EF5663F0072121C /* EnsoTests */,
			);
			name = EnsoTests;
			packageProductDependencies = (
			);
			productName = EnsoTests;
			productReference = 5F781DBD2EF5663F0072121C /* EnsoTests.xctest */;
			productType = "com.apple.product-type.bundle.unit-test";
		};
		5F781DC62EF5663F0072121C /* EnsoUITests */ = {
			isa = PBXNativeTarget;
			buildConfigurationList = 5F781DD72EF5663F0072121C /* Build configuration list for PBXNativeTarget "EnsoUITests" */;
			buildPhases = (
				5F781DC32EF5663F0072121C /* Sources */,
				5F781DC42EF5663F0072121C /* Frameworks */,
				5F781DC52EF5663F0072121C /* Resources */,
			);
			buildRules = (
			);
			dependencies = (
				5F781DC92EF5663F0072121C /* PBXTargetDependency */,
			);
			fileSystemSynchronizedGroups = (
				5F781DCA2EF5663F0072121C /* EnsoUITests */,
			);
			name = EnsoUITests;
			packageProductDependencies = (
			);
			productName = EnsoUITests;
			productReference = 5F781DC72EF5663F0072121C /* EnsoUITests.xctest */;
			productType = "com.apple.product-type.bundle.ui-testing";
		};
/* End PBXNativeTarget section */

/* Begin PBXProject section */
		5F781DA62EF5663D0072121C /* Project object */ = {
			isa = PBXProject;
			attributes = {
				BuildIndependentTargetsInParallel = 1;
				LastSwiftUpdateCheck = 2610;
				LastUpgradeCheck = 2610;
				TargetAttributes = {
					5F781DAD2EF5663D0072121C = {
						CreatedOnToolsVersion = 26.1.1;
					};
					5F781DBC2EF5663F0072121C = {
						CreatedOnToolsVersion = 26.1.1;
						TestTargetID = 5F781DAD2EF5663D0072121C;
					};
					5F781DC62EF5663F0072121C = {
						CreatedOnToolsVersion = 26.1.1;
						TestTargetID = 5F781DAD2EF5663D0072121C;
					};
				};
			};
			buildConfigurationList = 5F781DA92EF5663D0072121C /* Build configuration list for PBXProject "Enso" */;
			developmentRegion = en;
			hasScannedForEncodings = 0;
			knownRegions = (
				en,
				Base,
			);
			mainGroup = 5F781DA52EF5663D0072121C;
			minimizedProjectReferenceProxies = 1;
			packageReferences = (
				5F781DEE2EF56C8D0072121C /* XCRemoteSwiftPackageReference "SwiftMail" */,
				5F781F982EF5B22C0072121C /* XCRemoteSwiftPackageReference "ConfettiSwiftUI" */,
				5F7823E52EF5CA920072121C /* XCRemoteSwiftPackageReference "SwiftUI-Shimmer" */,
			);
			preferredProjectObjectVersion = 77;
			productRefGroup = 5F781DAF2EF5663D0072121C /* Products */;
			projectDirPath = "";
			projectRoot = "";
			targets = (
				5F781DAD2EF5663D0072121C /* Enso */,
				5F781DBC2EF5663F0072121C /* EnsoTests */,
				5F781DC62EF5663F0072121C /* EnsoUITests */,
			);
		};
/* End PBXProject section */

/* Begin PBXResourcesBuildPhase section */
		5F781DAC2EF5663D0072121C /* Resources */ = {
			isa = PBXResourcesBuildPhase;
			buildActionMask = 2147483647;
			files = (
			);
			runOnlyForDeploymentPostprocessing = 0;
		};
		5F781DBB2EF5663F0072121C /* Resources */ = {
			isa = PBXResourcesBuildPhase;
			buildActionMask = 2147483647;
			files = (
			);
			runOnlyForDeploymentPostprocessing = 0;
		};
		5F781DC52EF5663F0072121C /* Resources */ = {
			isa = PBXResourcesBuildPhase;
			buildActionMask = 2147483647;
			files = (
			);
			runOnlyForDeploymentPostprocessing = 0;
		};
/* End PBXResourcesBuildPhase section */

/* Begin PBXSourcesBuildPhase section */
		5F781DAA2EF5663D0072121C /* Sources */ = {
			isa = PBXSourcesBuildPhase;
			buildActionMask = 2147483647;
			files = (
			);
			runOnlyForDeploymentPostprocessing = 0;
		};
		5F781DB92EF5663F0072121C /* Sources */ = {
			isa = PBXSourcesBuildPhase;
			buildActionMask = 2147483647;
			files = (
			);
			runOnlyForDeploymentPostprocessing = 0;
		};
		5F781DC32EF5663F0072121C /* Sources */ = {
			isa = PBXSourcesBuildPhase;
			buildActionMask = 2147483647;
			files = (
			);
			runOnlyForDeploymentPostprocessing = 0;
		};
/* End PBXSourcesBuildPhase section */

/* Begin PBXTargetDependency section */
		5F781DBF2EF5663F0072121C /* PBXTargetDependency */ = {
			isa = PBXTargetDependency;
			target = 5F781DAD2EF5663D0072121C /* Enso */;
			targetProxy = 5F781DBE2EF5663F0072121C /* PBXContainerItemProxy */;
		};
		5F781DC92EF5663F0072121C /* PBXTargetDependency */ = {
			isa = PBXTargetDependency;
			target = 5F781DAD2EF5663D0072121C /* Enso */;
			targetProxy = 5F781DC82EF5663F0072121C /* PBXContainerItemProxy */;
		};
/* End PBXTargetDependency section */

/* Begin XCBuildConfiguration section */
		5F781DCF2EF5663F0072121C /* Debug */ = {
			isa = XCBuildConfiguration;
			buildSettings = {
				ALWAYS_SEARCH_USER_PATHS = NO;
				ASSETCATALOG_COMPILER_GENERATE_SWIFT_ASSET_SYMBOL_EXTENSIONS = YES;
				CLANG_ANALYZER_NONNULL = YES;
				CLANG_ANALYZER_NUMBER_OBJECT_CONVERSION = YES_AGGRESSIVE;
				CLANG_CXX_LANGUAGE_STANDARD = "gnu++20";
				CLANG_ENABLE_MODULES = YES;
				CLANG_ENABLE_OBJC_ARC = YES;
				CLANG_ENABLE_OBJC_WEAK = YES;
				CLANG_WARN_BLOCK_CAPTURE_AUTORELEASING = YES;
				CLANG_WARN_BOOL_CONVERSION = YES;
				CLANG_WARN_COMMA = YES;
				CLANG_WARN_CONSTANT_CONVERSION = YES;
				CLANG_WARN_DEPRECATED_OBJC_IMPLEMENTATIONS = YES;
				CLANG_WARN_DIRECT_OBJC_ISA_USAGE = YES_ERROR;
				CLANG_WARN_DOCUMENTATION_COMMENTS = YES;
				CLANG_WARN_EMPTY_BODY = YES;
				CLANG_WARN_ENUM_CONVERSION = YES;
				CLANG_WARN_INFINITE_RECURSION = YES;
				CLANG_WARN_INT_CONVERSION = YES;
				CLANG_WARN_NON_LITERAL_NULL_CONVERSION = YES;
				CLANG_WARN_OBJC_IMPLICIT_RETAIN_SELF = YES;
				CLANG_WARN_OBJC_LITERAL_CONVERSION = YES;
				CLANG_WARN_OBJC_ROOT_CLASS = YES_ERROR;
				CLANG_WARN_QUOTED_INCLUDE_IN_FRAMEWORK_HEADER = YES;
				CLANG_WARN_RANGE_LOOP_ANALYSIS = YES;
				CLANG_WARN_STRICT_PROTOTYPES = YES;
				CLANG_WARN_SUSPICIOUS_MOVE = YES;
				CLANG_WARN_UNGUARDED_AVAILABILITY = YES_AGGRESSIVE;
				CLANG_WARN_UNREACHABLE_CODE = YES;
				CLANG_WARN__DUPLICATE_METHOD_MATCH = YES;
				COPY_PHASE_STRIP = NO;
				DEBUG_INFORMATION_FORMAT = dwarf;
				DEVELOPMENT_TEAM = HL34V4TRZ5;
				ENABLE_STRICT_OBJC_MSGSEND = YES;
				ENABLE_TESTABILITY = YES;
				ENABLE_USER_SCRIPT_SANDBOXING = YES;
				GCC_C_LANGUAGE_STANDARD = gnu17;
				GCC_DYNAMIC_NO_PIC = NO;
				GCC_NO_COMMON_BLOCKS = YES;
				GCC_OPTIMIZATION_LEVEL = 0;
				GCC_PREPROCESSOR_DEFINITIONS = (
					"DEBUG=1",
					"$(inherited)",
				);
				GCC_WARN_64_TO_32_BIT_CONVERSION = YES;
				GCC_WARN_ABOUT_RETURN_TYPE = YES_ERROR;
				GCC_WARN_UNDECLARED_SELECTOR = YES;
				GCC_WARN_UNINITIALIZED_AUTOS = YES_AGGRESSIVE;
				GCC_WARN_UNUSED_FUNCTION = YES;
				GCC_WARN_UNUSED_VARIABLE = YES;
				LOCALIZATION_PREFERS_STRING_CATALOGS = YES;
				MACOSX_DEPLOYMENT_TARGET = 26.1;
				MTL_ENABLE_DEBUG_INFO = INCLUDE_SOURCE;
				MTL_FAST_MATH = YES;
				ONLY_ACTIVE_ARCH = YES;
				SDKROOT = macosx;
				SWIFT_ACTIVE_COMPILATION_CONDITIONS = "DEBUG $(inherited)";
				SWIFT_OPTIMIZATION_LEVEL = "-Onone";
			};
			name = Debug;
		};
		5F781DD02EF5663F0072121C /* Release */ = {
			isa = XCBuildConfiguration;
			buildSettings = {
				ALWAYS_SEARCH_USER_PATHS = NO;
				ASSETCATALOG_COMPILER_GENERATE_SWIFT_ASSET_SYMBOL_EXTENSIONS = YES;
				CLANG_ANALYZER_NONNULL = YES;
				CLANG_ANALYZER_NUMBER_OBJECT_CONVERSION = YES_AGGRESSIVE;
				CLANG_CXX_LANGUAGE_STANDARD = "gnu++20";
				CLANG_ENABLE_MODULES = YES;
				CLANG_ENABLE_OBJC_ARC = YES;
				CLANG_ENABLE_OBJC_WEAK = YES;
				CLANG_WARN_BLOCK_CAPTURE_AUTORELEASING = YES;
				CLANG_WARN_BOOL_CONVERSION = YES;
				CLANG_WARN_COMMA = YES;
				CLANG_WARN_CONSTANT_CONVERSION = YES;
				CLANG_WARN_DEPRECATED_OBJC_IMPLEMENTATIONS = YES;
				CLANG_WARN_DIRECT_OBJC_ISA_USAGE = YES_ERROR;
				CLANG_WARN_DOCUMENTATION_COMMENTS = YES;
				CLANG_WARN_EMPTY_BODY = YES;
				CLANG_WARN_ENUM_CONVERSION = YES;
				CLANG_WARN_INFINITE_RECURSION = YES;
				CLANG_WARN_INT_CONVERSION = YES;
				CLANG_WARN_NON_LITERAL_NULL_CONVERSION = YES;
				CLANG_WARN_OBJC_IMPLICIT_RETAIN_SELF = YES;
				CLANG_WARN_OBJC_LITERAL_CONVERSION = YES;
				CLANG_WARN_OBJC_ROOT_CLASS = YES_ERROR;
				CLANG_WARN_QUOTED_INCLUDE_IN_FRAMEWORK_HEADER = YES;
				CLANG_WARN_RANGE_LOOP_ANALYSIS = YES;
				CLANG_WARN_STRICT_PROTOTYPES = YES;
				CLANG_WARN_SUSPICIOUS_MOVE = YES;
				CLANG_WARN_UNGUARDED_AVAILABILITY = YES_AGGRESSIVE;
				CLANG_WARN_UNREACHABLE_CODE = YES;
				CLANG_WARN__DUPLICATE_METHOD_MATCH = YES;
				COPY_PHASE_STRIP = NO;
				DEBUG_INFORMATION_FORMAT = "dwarf-with-dsym";
				DEVELOPMENT_TEAM = HL34V4TRZ5;
				ENABLE_NS_ASSERTIONS = NO;
				ENABLE_STRICT_OBJC_MSGSEND = YES;
				ENABLE_USER_SCRIPT_SANDBOXING = YES;
				GCC_C_LANGUAGE_STANDARD = gnu17;
				GCC_NO_COMMON_BLOCKS = YES;
				GCC_WARN_64_TO_32_BIT_CONVERSION = YES;
				GCC_WARN_ABOUT_RETURN_TYPE = YES_ERROR;
				GCC_WARN_UNDECLARED_SELECTOR = YES;
				GCC_WARN_UNINITIALIZED_AUTOS = YES_AGGRESSIVE;
				GCC_WARN_UNUSED_FUNCTION = YES;
				GCC_WARN_UNUSED_VARIABLE = YES;
				LOCALIZATION_PREFERS_STRING_CATALOGS = YES;
				MACOSX_DEPLOYMENT_TARGET = 26.1;
				MTL_ENABLE_DEBUG_INFO = NO;
				MTL_FAST_MATH = YES;
				SDKROOT = macosx;
				SWIFT_COMPILATION_MODE = wholemodule;
			};
			name = Release;
		};
		5F781DD22EF5663F0072121C /* Debug */ = {
			isa = XCBuildConfiguration;
			buildSettings = {
				ASSETCATALOG_COMPILER_APPICON_NAME = AppIcon;
				ASSETCATALOG_COMPILER_GLOBAL_ACCENT_COLOR_NAME = AccentColor;
				CODE_SIGN_ENTITLEMENTS = Enso/Enso.entitlements;
				CODE_SIGN_STYLE = Automatic;
				COMBINE_HIDPI_IMAGES = YES;
				CURRENT_PROJECT_VERSION = 1;
				DEVELOPMENT_TEAM = HL34V4TRZ5;
				ENABLE_APP_SANDBOX = YES;
				ENABLE_HARDENED_RUNTIME = YES;
				ENABLE_INCOMING_NETWORK_CONNECTIONS = NO;
				ENABLE_OUTGOING_NETWORK_CONNECTIONS = YES;
				ENABLE_PREVIEWS = YES;
				ENABLE_RESOURCE_ACCESS_AUDIO_INPUT = NO;
				ENABLE_RESOURCE_ACCESS_BLUETOOTH = NO;
				ENABLE_RESOURCE_ACCESS_CALENDARS = NO;
				ENABLE_RESOURCE_ACCESS_CAMERA = NO;
				ENABLE_RESOURCE_ACCESS_CONTACTS = NO;
				ENABLE_RESOURCE_ACCESS_LOCATION = NO;
				ENABLE_RESOURCE_ACCESS_PRINTING = NO;
				ENABLE_RESOURCE_ACCESS_USB = NO;
				ENABLE_USER_SELECTED_FILES = readonly;
				GENERATE_INFOPLIST_FILE = YES;
				INFOPLIST_FILE = Enso/Info.plist;
				INFOPLIST_KEY_NSHumanReadableCopyright = "";
				INFOPLIST_KEY_NSLocalNetworkUsageDescription = "Access to SMTP & IMAP.";
				LD_RUNPATH_SEARCH_PATHS = (
					"$(inherited)",
					"@executable_path/../Frameworks",
				);
				MARKETING_VERSION = 1.0;
				PRODUCT_BUNDLE_IDENTIFIER = com.samihindi.Enso;
				PRODUCT_NAME = "$(TARGET_NAME)";
				REGISTER_APP_GROUPS = YES;
				STRING_CATALOG_GENERATE_SYMBOLS = YES;
				SWIFT_APPROACHABLE_CONCURRENCY = YES;
				SWIFT_DEFAULT_ACTOR_ISOLATION = MainActor;
				SWIFT_EMIT_LOC_STRINGS = YES;
				SWIFT_UPCOMING_FEATURE_MEMBER_IMPORT_VISIBILITY = YES;
				SWIFT_VERSION = 5.0;
			};
			name = Debug;
		};
		5F781DD32EF5663F0072121C /* Release */ = {
			isa = XCBuildConfiguration;
			buildSettings = {
				ASSETCATALOG_COMPILER_APPICON_NAME = AppIcon;
				ASSETCATALOG_COMPILER_GLOBAL_ACCENT_COLOR_NAME = AccentColor;
				CODE_SIGN_ENTITLEMENTS = Enso/Enso.entitlements;
				CODE_SIGN_STYLE = Automatic;
				COMBINE_HIDPI_IMAGES = YES;
				CURRENT_PROJECT_VERSION = 1;
				DEVELOPMENT_TEAM = HL34V4TRZ5;
				ENABLE_APP_SANDBOX = YES;
				ENABLE_HARDENED_RUNTIME = YES;
				ENABLE_INCOMING_NETWORK_CONNECTIONS = NO;
				ENABLE_OUTGOING_NETWORK_CONNECTIONS = YES;
				ENABLE_PREVIEWS = YES;
				ENABLE_RESOURCE_ACCESS_AUDIO_INPUT = NO;
				ENABLE_RESOURCE_ACCESS_BLUETOOTH = NO;
				ENABLE_RESOURCE_ACCESS_CALENDARS = NO;
				ENABLE_RESOURCE_ACCESS_CAMERA = NO;
				ENABLE_RESOURCE_ACCESS_CONTACTS = NO;
				ENABLE_RESOURCE_ACCESS_LOCATION = NO;
				ENABLE_RESOURCE_ACCESS_PRINTING = NO;
				ENABLE_RESOURCE_ACCESS_USB = NO;
				ENABLE_USER_SELECTED_FILES = readonly;
				GENERATE_INFOPLIST_FILE = YES;
				INFOPLIST_FILE = Enso/Info.plist;
				INFOPLIST_KEY_NSHumanReadableCopyright = "";
				INFOPLIST_KEY_NSLocalNetworkUsageDescription = "Access to SMTP & IMAP.";
				LD_RUNPATH_SEARCH_PATHS = (
					"$(inherited)",
					"@executable_path/../Frameworks",
				);
				MARKETING_VERSION = 1.0;
				PRODUCT_BUNDLE_IDENTIFIER = com.samihindi.Enso;
				PRODUCT_NAME = "$(TARGET_NAME)";
				REGISTER_APP_GROUPS = YES;
				STRING_CATALOG_GENERATE_SYMBOLS = YES;
				SWIFT_APPROACHABLE_CONCURRENCY = YES;
				SWIFT_DEFAULT_ACTOR_ISOLATION = MainActor;
				SWIFT_EMIT_LOC_STRINGS = YES;
				SWIFT_UPCOMING_FEATURE_MEMBER_IMPORT_VISIBILITY = YES;
				SWIFT_VERSION = 5.0;
			};
			name = Release;
		};
		5F781DD52EF5663F0072121C /* Debug */ = {
			isa = XCBuildConfiguration;
			buildSettings = {
				BUNDLE_LOADER = "$(TEST_HOST)";
				CODE_SIGN_STYLE = Automatic;
				CURRENT_PROJECT_VERSION = 1;
				DEVELOPMENT_TEAM = HL34V4TRZ5;
				GENERATE_INFOPLIST_FILE = YES;
				MACOSX_DEPLOYMENT_TARGET = 26.1;
				MARKETING_VERSION = 1.0;
				PRODUCT_BUNDLE_IDENTIFIER = com.samihindi.EnsoTests;
				PRODUCT_NAME = "$(TARGET_NAME)";
				STRING_CATALOG_GENERATE_SYMBOLS = NO;
				SWIFT_APPROACHABLE_CONCURRENCY = YES;
				SWIFT_EMIT_LOC_STRINGS = NO;
				SWIFT_UPCOMING_FEATURE_MEMBER_IMPORT_VISIBILITY = YES;
				SWIFT_VERSION = 5.0;
				TEST_HOST = "$(BUILT_PRODUCTS_DIR)/Enso.app/$(BUNDLE_EXECUTABLE_FOLDER_PATH)/Enso";
			};
			name = Debug;
		};
		5F781DD62EF5663F0072121C /* Release */ = {
			isa = XCBuildConfiguration;
			buildSettings = {
				BUNDLE_LOADER = "$(TEST_HOST)";
				CODE_SIGN_STYLE = Automatic;
				CURRENT_PROJECT_VERSION = 1;
				DEVELOPMENT_TEAM = HL34V4TRZ5;
				GENERATE_INFOPLIST_FILE = YES;
				MACOSX_DEPLOYMENT_TARGET = 26.1;
				MARKETING_VERSION = 1.0;
				PRODUCT_BUNDLE_IDENTIFIER = com.samihindi.EnsoTests;
				PRODUCT_NAME = "$(TARGET_NAME)";
				STRING_CATALOG_GENERATE_SYMBOLS = NO;
				SWIFT_APPROACHABLE_CONCURRENCY = YES;
				SWIFT_EMIT_LOC_STRINGS = NO;
				SWIFT_UPCOMING_FEATURE_MEMBER_IMPORT_VISIBILITY = YES;
				SWIFT_VERSION = 5.0;
				TEST_HOST = "$(BUILT_PRODUCTS_DIR)/Enso.app/$(BUNDLE_EXECUTABLE_FOLDER_PATH)/Enso";
			};
			name = Release;
		};
		5F781DD82EF5663F0072121C /* Debug */ = {
			isa = XCBuildConfiguration;
			buildSettings = {
				CODE_SIGN_STYLE = Automatic;
				CURRENT_PROJECT_VERSION = 1;
				DEVELOPMENT_TEAM = HL34V4TRZ5;
				GENERATE_INFOPLIST_FILE = YES;
				MARKETING_VERSION = 1.0;
				PRODUCT_BUNDLE_IDENTIFIER = com.samihindi.EnsoUITests;
				PRODUCT_NAME = "$(TARGET_NAME)";
				STRING_CATALOG_GENERATE_SYMBOLS = NO;
				SWIFT_APPROACHABLE_CONCURRENCY = YES;
				SWIFT_EMIT_LOC_STRINGS = NO;
				SWIFT_UPCOMING_FEATURE_MEMBER_IMPORT_VISIBILITY = YES;
				SWIFT_VERSION = 5.0;
				TEST_TARGET_NAME = Enso;
			};
			name = Debug;
		};
		5F781DD92EF5663F0072121C /* Release */ = {
			isa = XCBuildConfiguration;
			buildSettings = {
				CODE_SIGN_STYLE = Automatic;
				CURRENT_PROJECT_VERSION = 1;
				DEVELOPMENT_TEAM = HL34V4TRZ5;
				GENERATE_INFOPLIST_FILE = YES;
				MARKETING_VERSION = 1.0;
				PRODUCT_BUNDLE_IDENTIFIER = com.samihindi.EnsoUITests;
				PRODUCT_NAME = "$(TARGET_NAME)";
				STRING_CATALOG_GENERATE_SYMBOLS = NO;
				SWIFT_APPROACHABLE_CONCURRENCY = YES;
				SWIFT_EMIT_LOC_STRINGS = NO;
				SWIFT_UPCOMING_FEATURE_MEMBER_IMPORT_VISIBILITY = YES;
				SWIFT_VERSION = 5.0;
				TEST_TARGET_NAME = Enso;
			};
			name = Release;
		};
/* End XCBuildConfiguration section */

/* Begin XCConfigurationList section */
		5F781DA92EF5663D0072121C /* Build configuration list for PBXProject "Enso" */ = {
			isa = XCConfigurationList;
			buildConfigurations = (
				5F781DCF2EF5663F0072121C /* Debug */,
				5F781DD02EF5663F0072121C /* Release */,
			);
			defaultConfigurationIsVisible = 0;
			defaultConfigurationName = Release;
		};
		5F781DD12EF5663F0072121C /* Build configuration list for PBXNativeTarget "Enso" */ = {
			isa = XCConfigurationList;
			buildConfigurations = (
				5F781DD22EF5663F0072121C /* Debug */,
				5F781DD32EF5663F0072121C /* Release */,
			);
			defaultConfigurationIsVisible = 0;
			defaultConfigurationName = Release;
		};
		5F781DD42EF5663F0072121C /* Build configuration list for PBXNativeTarget "EnsoTests" */ = {
			isa = XCConfigurationList;
			buildConfigurations = (
				5F781DD52EF5663F0072121C /* Debug */,
				5F781DD62EF5663F0072121C /* Release */,
			);
			defaultConfigurationIsVisible = 0;
			defaultConfigurationName = Release;
		};
		5F781DD72EF5663F0072121C /* Build configuration list for PBXNativeTarget "EnsoUITests" */ = {
			isa = XCConfigurationList;
			buildConfigurations = (
				5F781DD82EF5663F0072121C /* Debug */,
				5F781DD92EF5663F0072121C /* Release */,
			);
			defaultConfigurationIsVisible = 0;
			defaultConfigurationName = Release;
		};
/* End XCConfigurationList section */

/* Begin XCRemoteSwiftPackageReference section */
		5F781DEE2EF56C8D0072121C /* XCRemoteSwiftPackageReference "SwiftMail" */ = {
			isa = XCRemoteSwiftPackageReference;
			repositoryURL = "https://github.com/Cocoanetics/SwiftMail";
			requirement = {
				branch = main;
				kind = branch;
			};
		};
		5F781F982EF5B22C0072121C /* XCRemoteSwiftPackageReference "ConfettiSwiftUI" */ = {
			isa = XCRemoteSwiftPackageReference;
			repositoryURL = "https://github.com/simibac/ConfettiSwiftUI.git";
			requirement = {
				kind = upToNextMajorVersion;
				minimumVersion = 2.0.3;
			};
		};
		5F7823E52EF5CA920072121C /* XCRemoteSwiftPackageReference "SwiftUI-Shimmer" */ = {
			isa = XCRemoteSwiftPackageReference;
			repositoryURL = "https://github.com/markiv/SwiftUI-Shimmer.git";
			requirement = {
				kind = upToNextMajorVersion;
				minimumVersion = 1.5.1;
			};
		};
/* End XCRemoteSwiftPackageReference section */

/* Begin XCSwiftPackageProductDependency section */
		5F781DEF2EF56C8D0072121C /* SwiftMail */ = {
			isa = XCSwiftPackageProductDependency;
			package = 5F781DEE2EF56C8D0072121C /* XCRemoteSwiftPackageReference "SwiftMail" */;
			productName = SwiftMail;
		};
		5F781F9A2EF5B22C0072121C /* ConfettiSwiftUI */ = {
			isa = XCSwiftPackageProductDependency;
			package = 5F781F982EF5B22C0072121C /* XCRemoteSwiftPackageReference "ConfettiSwiftUI" */;
			productName = ConfettiSwiftUI;
		};
		5F7823E62EF5D1680072121C /* Shimmer */ = {
			isa = XCSwiftPackageProductDependency;
			package = 5F7823E52EF5CA920072121C /* XCRemoteSwiftPackageReference "SwiftUI-Shimmer" */;
			productName = Shimmer;
		};
/* End XCSwiftPackageProductDependency section */
	};
	rootObject = 5F781DA62EF5663D0072121C /* Project object */;
}
